// !$*UTF8*$!
{
	archiveVersion = 1;
	classes = {
	};
	objectVersion = 46;
	objects = {

/* Begin PBXBuildFile section */
		00C4C4681BFEE64A0066A6A3 /* AppDelegate.swift in Sources */ = {isa = PBXBuildFile; fileRef = 00C4C4671BFEE64A0066A6A3 /* AppDelegate.swift */; };
		00C4C46A1BFEE64A0066A6A3 /* DropdDownVC.swift in Sources */ = {isa = PBXBuildFile; fileRef = 00C4C4691BFEE64A0066A6A3 /* DropdDownVC.swift */; };
		00C4C46D1BFEE64A0066A6A3 /* Main.storyboard in Resources */ = {isa = PBXBuildFile; fileRef = 00C4C46B1BFEE64A0066A6A3 /* Main.storyboard */; };
		00C4C46F1BFEE64A0066A6A3 /* Assets.xcassets in Resources */ = {isa = PBXBuildFile; fileRef = 00C4C46E1BFEE64A0066A6A3 /* Assets.xcassets */; };
		00C4C4721BFEE64A0066A6A3 /* LaunchScreen.storyboard in Resources */ = {isa = PBXBuildFile; fileRef = 00C4C4701BFEE64A0066A6A3 /* LaunchScreen.storyboard */; };
/* End PBXBuildFile section */

/* Begin PBXFileReference section */
		00C4C4641BFEE64A0066A6A3 /* Animation.app */ = {isa = PBXFileReference; explicitFileType = wrapper.application; includeInIndex = 0; path = Animation.app; sourceTree = BUILT_PRODUCTS_DIR; };
		00C4C4671BFEE64A0066A6A3 /* AppDelegate.swift */ = {isa = PBXFileReference; lastKnownFileType = sourcecode.swift; path = AppDelegate.swift; sourceTree = "<group>"; };
		00C4C4691BFEE64A0066A6A3 /* DropdDownVC.swift */ = {isa = PBXFileReference; lastKnownFileType = sourcecode.swift; path = DropdDownVC.swift; sourceTree = "<group>"; };
		00C4C46C1BFEE64A0066A6A3 /* Base */ = {isa = PBXFileReference; lastKnownFileType = file.storyboard; name = Base; path = Base.lproj/Main.storyboard; sourceTree = "<group>"; };
		00C4C46E1BFEE64A0066A6A3 /* Assets.xcassets */ = {isa = PBXFileReference; lastKnownFileType = folder.assetcatalog; path = Assets.xcassets; sourceTree = "<group>"; };
		00C4C4711BFEE64A0066A6A3 /* Base */ = {isa = PBXFileReference; lastKnownFileType = file.storyboard; name = Base; path = Base.lproj/LaunchScreen.storyboard; sourceTree = "<group>"; };
		00C4C4731BFEE64A0066A6A3 /* Info.plist */ = {isa = PBXFileReference; lastKnownFileType = text.plist.xml; path = Info.plist; sourceTree = "<group>"; };
/* End PBXFileReference section */

/* Begin PBXFrameworksBuildPhase section */
		00C4C4611BFEE64A0066A6A3 /* Frameworks */ = {
			isa = PBXFrameworksBuildPhase;
			buildActionMask = 2147483647;
			files = (
			);
			runOnlyForDeploymentPostprocessing = 0;
		};
/* End PBXFrameworksBuildPhase section */

/* Begin PBXGroup section */
		00C4C45B1BFEE64A0066A6A3 = {
			isa = PBXGroup;
			children = (
				00C4C4661BFEE64A0066A6A3 /* Animation */,
				00C4C4651BFEE64A0066A6A3 /* Products */,
			);
			sourceTree = "<group>";
		};
		00C4C4651BFEE64A0066A6A3 /* Products */ = {
			isa = PBXGroup;
			children = (
				00C4C4641BFEE64A0066A6A3 /* Animation.app */,
			);
			name = Products;
			sourceTree = "<group>";
		};
		00C4C4661BFEE64A0066A6A3 /* Animation */ = {
			isa = PBXGroup;
			children = (
				00C4C4671BFEE64A0066A6A3 /* AppDelegate.swift */,
				00C4C4691BFEE64A0066A6A3 /* DropdDownVC.swift */,
				00C4C46B1BFEE64A0066A6A3 /* Main.storyboard */,
				00C4C46E1BFEE64A0066A6A3 /* Assets.xcassets */,
				00C4C4701BFEE64A0066A6A3 /* LaunchScreen.storyboard */,
				00C4C4731BFEE64A0066A6A3 /* Info.plist */,
			);
			path = Animation;
			sourceTree = "<group>";
		};
/* End PBXGroup section */

/* Begin PBXNativeTarget section */
		00C4C4631BFEE64A0066A6A3 /* Animation */ = {
			isa = PBXNativeTarget;
			buildConfigurationList = 00C4C4761BFEE64A0066A6A3 /* Build configuration list for PBXNativeTarget "Animation" */;
			buildPhases = (
				00C4C4601BFEE64A0066A6A3 /* Sources */,
				00C4C4611BFEE64A0066A6A3 /* Frameworks */,
				00C4C4621BFEE64A0066A6A3 /* Resources */,
			);
			buildRules = (
			);
			dependencies = (
			);
			name = Animation;
			productName = Animation;
			productReference = 00C4C4641BFEE64A0066A6A3 /* Animation.app */;
			productType = "com.apple.product-type.application";
		};
/* End PBXNativeTarget section */

/* Begin PBXProject section */
		00C4C45C1BFEE64A0066A6A3 /* Project object */ = {
			isa = PBXProject;
			attributes = {
				LastUpgradeCheck = 0700;
				ORGANIZATIONNAME = Deepak;
				TargetAttributes = {
					00C4C4631BFEE64A0066A6A3 = {
						CreatedOnToolsVersion = 7.0;
					};
				};
			};
			buildConfigurationList = 00C4C45F1BFEE64A0066A6A3 /* Build configuration list for PBXProject "Animation" */;
			compatibilityVersion = "Xcode 3.2";
			developmentRegion = English;
			hasScannedForEncodings = 0;
			knownRegions = (
				en,
				Base,
			);
			mainGroup = 00C4C45B1BFEE64A0066A6A3;
			productRefGroup = 00C4C4651BFEE64A0066A6A3 /* Products */;
			projectDirPath = "";
			projectRoot = "";
			targets = (
				00C4C4631BFEE64A0066A6A3 /* Animation */,
			);
		};
/* End PBXProject section */

/* Begin PBXResourcesBuildPhase section */
		00C4C4621BFEE64A0066A6A3 /* Resources */ = {
			isa = PBXResourcesBuildPhase;
			buildActionMask = 2147483647;
			files = (
				00C4C4721BFEE64A0066A6A3 /* LaunchScreen.storyboard in Resources */,
				00C4C46F1BFEE64A0066A6A3 /* Assets.xcassets in Resources */,
				00C4C46D1BFEE64A0066A6A3 /* Main.storyboard in Resources */,
			);
			runOnlyForDeploymentPostprocessing = 0;
		};
/* End PBXResourcesBuildPhase section */

/* Begin PBXSourcesBuildPhase section */
		00C4C4601BFEE64A0066A6A3 /* Sources */ = {
			isa = PBXSourcesBuildPhase;
			buildActionMask = 2147483647;
			files = (
				00C4C46A1BFEE64A0066A6A3 /* DropdDownVC.swift in Sources */,
				00C4C4681BFEE64A0066A6A3 /* AppDelegate.swift in Sources */,
			);
			runOnlyForDeploymentPostprocessing = 0;
		};
/* End PBXSourcesBuildPhase section */

/* Begin PBXVariantGroup section */
		00C4C46B1BFEE64A0066A6A3 /* Main.storyboard */ = {
			isa = PBXVariantGroup;
			children = (
				00C4C46C1BFEE64A0066A6A3 /* Base */,
			);
			name = Main.storyboard;
			sourceTree = "<group>";
		};
		00C4C4701BFEE64A0066A6A3 /* LaunchScreen.storyboard */ = {
			isa = PBXVariantGroup;
			children = (
				00C4C4711BFEE64A0066A6A3 /* Base */,
			);
			name = LaunchScreen.storyboard;
			sourceTree = "<group>";
		};
/* End PBXVariantGroup section */

/* Begin XCBuildConfiguration section */
		00C4C4741BFEE64A0066A6A3 /* Debug */ = {
			isa = XCBuildConfiguration;
			buildSettings = {
				ALWAYS_SEARCH_USER_PATHS = NO;
				CLANG_CXX_LANGUAGE_STANDARD = "gnu++0x";
				CLANG_CXX_LIBRARY = "libc++";
				CLANG_ENABLE_MODULES = YES;
				CLANG_ENABLE_OBJC_ARC = YES;
				CLANG_WARN_BOOL_CONVERSION = YES;
				CLANG_WARN_CONSTANT_CONVERSION = YES;
				CLANG_WARN_DIRECT_OBJC_ISA_USAGE = YES_ERROR;
				CLANG_WARN_EMPTY_BODY = YES;
				CLANG_WARN_ENUM_CONVERSION = YES;
				CLANG_WARN_INT_CONVERSION = YES;
				CLANG_WARN_OBJC_ROOT_CLASS = YES_ERROR;
				CLANG_WARN_UNREACHABLE_CODE = YES;
				CLANG_WARN__DUPLICATE_METHOD_MATCH = YES;
				"CODE_SIGN_IDENTITY[sdk=iphoneos*]" = "iPhone Developer";
				COPY_PHASE_STRIP = NO;
				DEBUG_INFORMATION_FORMAT = dwarf;
				ENABLE_STRICT_OBJC_MSGSEND = YES;
				ENABLE_TESTABILITY = YES;
				GCC_C_LANGUAGE_STANDARD = gnu99;
				GCC_DYNAMIC_NO_PIC = NO;
				GCC_NO_COMMON_BLOCKS = YES;
				GCC_OPTIMIZATION_LEVEL = 0;
				GCC_PREPROCESSOR_DEFINITIONS = (
					"DEBUG=1",
					"$(inherited)",
				);
				GCC_WARN_64_TO_32_BIT_CONVERSION = YES;
				GCC_WARN_ABOUT_RETURN_TYPE = YES_ERROR;
				GCC_WARN_UNDECLARED_SELECTOR = YES;
				GCC_WARN_UNINITIALIZED_AUTOS = YES_AGGRESSIVE;
				GCC_WARN_UNUSED_FUNCTION = YES;
				GCC_WARN_UNUSED_VARIABLE = YES;
				IPHONEOS_DEPLOYMENT_TARGET = 9.0;
				MTL_ENABLE_DEBUG_INFO = YES;
				ONLY_ACTIVE_ARCH = YES;
				SDKROOT = iphoneos;
				SWIFT_OPTIMIZATION_LEVEL = "-Onone";
				TARGETED_DEVICE_FAMILY = "1,2";
			};
			name = Debug;
		};
		00C4C4751BFEE64A0066A6A3 /* Release */ = {
			isa = XCBuildConfiguration;
			buildSettings = {
				ALWAYS_SEARCH_USER_PATHS = NO;
				CLANG_CXX_LANGUAGE_STANDARD = "gnu++0x";
				CLANG_CXX_LIBRARY = "libc++";
				CLANG_ENABLE_MODULES = YES;
				CLANG_ENABLE_OBJC_ARC = YES;
				CLANG_WARN_BOOL_CONVERSION = YES;
				CLANG_WARN_CONSTANT_CONVERSION = YES;
				CLANG_WARN_DIRECT_OBJC_ISA_USAGE = YES_ERROR;
				CLANG_WARN_EMPTY_BODY = YES;
				CLANG_WARN_ENUM_CONVERSION = YES;
				CLANG_WARN_INT_CONVERSION = YES;
				CLANG_WARN_OBJC_ROOT_CLASS = YES_ERROR;
				CLANG_WARN_UNREACHABLE_CODE = YES;
				CLANG_WARN__DUPLICATE_METHOD_MATCH = YES;
				"CODE_SIGN_IDENTITY[sdk=iphoneos*]" = "iPhone Developer";
				COPY_PHASE_STRIP = NO;
				DEBUG_INFORMATION_FORMAT = "dwarf-with-dsym";
				ENABLE_NS_ASSERTIONS = NO;
				ENABLE_STRICT_OBJC_MSGSEND = YES;
				GCC_C_LANGUAGE_STANDARD = gnu99;
				GCC_NO_COMMON_BLOCKS = YES;
				GCC_WARN_64_TO_32_BIT_CONVERSION = YES;
				GCC_WARN_ABOUT_RETURN_TYPE = YES_ERROR;
				GCC_WARN_UNDECLARED_SELECTOR = YES;
				GCC_WARN_UNINITIALIZED_AUTOS = YES_AGGRESSIVE;
				GCC_WARN_UNUSED_FUNCTION = YES;
				GCC_WARN_UNUSED_VARIABLE = YES;
				IPHONEOS_DEPLOYMENT_TARGET = 9.0;
				MTL_ENABLE_DEBUG_INFO = NO;
				SDKROOT = iphoneos;
				TARGETED_DEVICE_FAMILY = "1,2";
				VALIDATE_PRODUCT = YES;
			};
			name = Release;
		};
		00C4C4771BFEE64A0066A6A3 /* Debug */ = {
			isa = XCBuildConfiguration;
			buildSettings = {
				ASSETCATALOG_COMPILER_APPICON_NAME = AppIcon;
				INFOPLIST_FILE = Animation/Info.plist;
				IPHONEOS_DEPLOYMENT_TARGET = 8.0;
				LD_RUNPATH_SEARCH_PATHS = "$(inherited) @executable_path/Frameworks";
				PRODUCT_BUNDLE_IDENTIFIER = com.dd.animation.Animation;
				PRODUCT_NAME = "$(TARGET_NAME)";
			};
			name = Debug;
		};
		00C4C4781BFEE64A0066A6A3 /* Release */ = {
			isa = XCBuildConfiguration;
			buildSettings = {
				ASSETCATALOG_COMPILER_APPICON_NAME = AppIcon;
				INFOPLIST_FILE = Animation/Info.plist;
				IPHONEOS_DEPLOYMENT_TARGET = 8.0;
				LD_RUNPATH_SEARCH_PATHS = "$(inherited) @executable_path/Frameworks";
				PRODUCT_BUNDLE_IDENTIFIER = com.dd.animation.Animation;
				PRODUCT_NAME = "$(TARGET_NAME)";
			};
			name = Release;
		};
/* End XCBuildConfiguration section */

/* Begin XCConfigurationList section */
		00C4C45F1BFEE64A0066A6A3 /* Build configuration list for PBXProject "Animation" */ = {
			isa = XCConfigurationList;
			buildConfigurations = (
				00C4C4741BFEE64A0066A6A3 /* Debug */,
				00C4C4751BFEE64A0066A6A3 /* Release */,
			);
			defaultConfigurationIsVisible = 0;
			defaultConfigurationName = Release;
		};
		00C4C4761BFEE64A0066A6A3 /* Build configuration list for PBXNativeTarget "Animation" */ = {
			isa = XCConfigurationList;
			buildConfigurations = (
				00C4C4771BFEE64A0066A6A3 /* Debug */,
				00C4C4781BFEE64A0066A6A3 /* Release */,
			);
			defaultConfigurationIsVisible = 0;
			defaultConfigurationName = Release;
		};
/* End XCConfigurationList section */
	};
	rootObject = 00C4C45C1BFEE64A0066A6A3 /* Project object */;
}
